<?xml version="1.0" encoding="utf-8"?>
<Project ToolsVersion="4.0" xmlns="http://schemas.microsoft.com/developer/msbuild/2003">
  <ItemGroup>
    <Filter Include="App">
      <UniqueIdentifier>{969f8929-b039-43a9-82ae-98e7453acb4f}</UniqueIdentifier>
    </Filter>
    <Filter Include="GameEngine">
      <UniqueIdentifier>{1b6f4837-e5e1-4a74-98b3-cfc012bb23ef}</UniqueIdentifier>
    </Filter>
    <Filter Include="GameEngine\WindowingSystem">
      <UniqueIdentifier>{7e32e915-3661-410b-a098-30397cb2b239}</UniqueIdentifier>
    </Filter>
    <Filter Include="GameEngine\GraphicsEngine">
      <UniqueIdentifier>{dbcb08b7-7ebe-482c-9aa9-54424b8f515e}</UniqueIdentifier>
    </Filter>
    <Filter Include="GameEngine\Time">
      <UniqueIdentifier>{6b807069-05dd-4dce-a702-e60551a8a7df}</UniqueIdentifier>
    </Filter>
    <Filter Include="GameEngine\Math">
      <UniqueIdentifier>{a2e6e08d-7d1d-4be9-a95e-8902d2626d8b}</UniqueIdentifier>
    </Filter>
    <Filter Include="GameEngine\InputSystem">
      <UniqueIdentifier>{66ca0036-9773-4648-ba97-aa08001b6d67}</UniqueIdentifier>
    </Filter>
    <Filter Include="GameEngine\GraphicsEngine\RenderSystem">
      <UniqueIdentifier>{4c96de2b-9f3f-4392-9f7c-9f038faacfc6}</UniqueIdentifier>
    </Filter>
    <Filter Include="GameEngine\GraphicsEngine\RenderSystem\PixelShader">
      <UniqueIdentifier>{94524813-e196-40b8-ba6e-85df29c90ae2}</UniqueIdentifier>
    </Filter>
    <Filter Include="GameEngine\GraphicsEngine\RenderSystem\ConstantBuffer">
      <UniqueIdentifier>{a9f2e0f8-a881-4f56-bc3b-850a18c96279}</UniqueIdentifier>
    </Filter>
    <Filter Include="GameEngine\GraphicsEngine\RenderSystem\DeviceContext">
      <UniqueIdentifier>{ebd6338b-5fe9-435a-9e76-01c06f9becbc}</UniqueIdentifier>
    </Filter>
    <Filter Include="GameEngine\GraphicsEngine\RenderSystem\IndexBuffer">
      <UniqueIdentifier>{c46b1f04-8a80-45af-96e9-b99be90f6aa8}</UniqueIdentifier>
    </Filter>
    <Filter Include="GameEngine\GraphicsEngine\RenderSystem\SwapChain">
      <UniqueIdentifier>{ac98e483-3229-4ab5-9835-61c3ac72a28f}</UniqueIdentifier>
    </Filter>
    <Filter Include="GameEngine\GraphicsEngine\RenderSystem\VertexBuffer">
      <UniqueIdentifier>{231ca51c-d7ff-4a2a-878c-a3bf8102e52c}</UniqueIdentifier>
    </Filter>
    <Filter Include="GameEngine\GraphicsEngine\RenderSystem\VertexShader">
      <UniqueIdentifier>{887c1565-faab-46c6-b74f-4f920ac180df}</UniqueIdentifier>
    </Filter>
    <Filter Include="GameEngine\EntityComponentSystem">
      <UniqueIdentifier>{7cef8d5e-ff53-40de-b8e4-73e42b37f215}</UniqueIdentifier>
    </Filter>
    <Filter Include="GameEngine\Camera">
      <UniqueIdentifier>{8129c104-7b04-4d3b-aea7-7bee78d468f7}</UniqueIdentifier>
    </Filter>
    <Filter Include="GameEngine\Editor">
      <UniqueIdentifier>{3d1e435c-33f4-4bf1-96d9-63fbd3256a44}</UniqueIdentifier>
    </Filter>
    <Filter Include="GameEngine\ImGui">
      <UniqueIdentifier>{2a65c0d9-4c73-4f3b-9278-2610608c1e86}</UniqueIdentifier>
    </Filter>
    <Filter Include="GameEngine\ImGuiWindow">
      <UniqueIdentifier>{861b3101-c993-447b-970c-39ad272896a6}</UniqueIdentifier>
    </Filter>
  </ItemGroup>
  <ItemGroup>
    <ClCompile Include="main.cpp">
      <Filter>App</Filter>
    </ClCompile>
    <ClCompile Include="AppWindow.cpp">
      <Filter>App</Filter>
    </ClCompile>
    <ClCompile Include="Window.cpp">
      <Filter>GameEngine\WindowingSystem</Filter>
    </ClCompile>
    <ClCompile Include="GraphicsEngine.cpp">
      <Filter>GameEngine\GraphicsEngine</Filter>
    </ClCompile>
    <ClCompile Include="SwapChain.cpp">
      <Filter>GameEngine\GraphicsEngine\RenderSystem\SwapChain</Filter>
    </ClCompile>
    <ClCompile Include="DeviceContext.cpp">
      <Filter>GameEngine\GraphicsEngine\RenderSystem\DeviceContext</Filter>
    </ClCompile>
    <ClCompile Include="VertexBuffer.cpp">
      <Filter>GameEngine\GraphicsEngine\RenderSystem\VertexBuffer</Filter>
    </ClCompile>
    <ClCompile Include="VertexShader.cpp">
      <Filter>GameEngine\GraphicsEngine\RenderSystem\VertexShader</Filter>
    </ClCompile>
    <ClCompile Include="PixelShader.cpp">
      <Filter>GameEngine\GraphicsEngine\RenderSystem\PixelShader</Filter>
    </ClCompile>
    <ClCompile Include="ConstantBuffer.cpp">
      <Filter>GameEngine\GraphicsEngine\RenderSystem\ConstantBuffer</Filter>
    </ClCompile>
    <ClCompile Include="EngineTime.cpp">
      <Filter>GameEngine\Time</Filter>
    </ClCompile>
    <ClCompile Include="IndexBuffer.cpp">
      <Filter>GameEngine\GraphicsEngine\RenderSystem\IndexBuffer</Filter>
    </ClCompile>
    <ClCompile Include="InputSystem.cpp">
      <Filter>GameEngine\InputSystem</Filter>
    </ClCompile>
    <ClCompile Include="RenderSystem.cpp">
      <Filter>GameEngine\GraphicsEngine\RenderSystem</Filter>
    </ClCompile>
    <ClCompile Include="Component.cpp">
      <Filter>GameEngine\EntityComponentSystem</Filter>
    </ClCompile>
    <ClCompile Include="GameObject.cpp">
      <Filter>GameEngine\EntityComponentSystem</Filter>
    </ClCompile>
    <ClCompile Include="TransformComponent.cpp">
      <Filter>GameEngine\EntityComponentSystem</Filter>
    </ClCompile>
    <ClCompile Include="MeshComponent.cpp">
      <Filter>GameEngine\EntityComponentSystem</Filter>
    </ClCompile>
    <ClCompile Include="RotationMovementComponent.cpp">
      <Filter>GameEngine\EntityComponentSystem</Filter>
    </ClCompile>
    <ClCompile Include="Mesh.cpp">
      <Filter>GameEngine\EntityComponentSystem</Filter>
    </ClCompile>
    <ClCompile Include="Cube.cpp">
      <Filter>GameEngine\EntityComponentSystem</Filter>
    </ClCompile>
    <ClCompile Include="Plane.cpp">
      <Filter>GameEngine\EntityComponentSystem</Filter>
    </ClCompile>
    <ClCompile Include="Camera.cpp">
      <Filter>GameEngine\Camera</Filter>
    </ClCompile>
    <ClCompile Include="CameraManager.cpp">
      <Filter>GameEngine\Camera</Filter>
    </ClCompile>
    <ClCompile Include="CameraComponent.cpp">
      <Filter>GameEngine\EntityComponentSystem</Filter>
    </ClCompile>
    <ClCompile Include="SceneCamera.cpp">
      <Filter>GameEngine\Editor</Filter>
    </ClCompile>
    <ClCompile Include="SimpleMath.cpp" />
    <ClCompile Include="pch.cpp" />
    <ClCompile Include="ImGui\imgui.cpp">
      <Filter>GameEngine\ImGui</Filter>
    </ClCompile>
    <ClCompile Include="ImGui\imgui_draw.cpp">
      <Filter>GameEngine\ImGui</Filter>
    </ClCompile>
    <ClCompile Include="ImGui\imgui_impl_dx11.cpp">
      <Filter>GameEngine\ImGui</Filter>
    </ClCompile>
    <ClCompile Include="ImGui\imgui_impl_win32.cpp">
      <Filter>GameEngine\ImGui</Filter>
    </ClCompile>
    <ClCompile Include="ImGui\imgui_tables.cpp">
      <Filter>GameEngine\ImGui</Filter>
    </ClCompile>
    <ClCompile Include="ImGui\imgui_widgets.cpp">
      <Filter>GameEngine\ImGui</Filter>
    </ClCompile>
    <ClCompile Include="IMObjectProperty.cpp">
      <Filter>GameEngine\ImGuiWindow</Filter>
    </ClCompile>
  </ItemGroup>
  <ItemGroup>
    <ClInclude Include="AppWindow.h">
      <Filter>App</Filter>
    </ClInclude>
    <ClInclude Include="Window.h">
      <Filter>GameEngine\WindowingSystem</Filter>
    </ClInclude>
    <ClInclude Include="GraphicsEngine.h">
      <Filter>GameEngine\GraphicsEngine</Filter>
    </ClInclude>
    <ClInclude Include="SwapChain.h">
      <Filter>GameEngine\GraphicsEngine\RenderSystem\SwapChain</Filter>
    </ClInclude>
    <ClInclude Include="DeviceContext.h">
      <Filter>GameEngine\GraphicsEngine\RenderSystem\DeviceContext</Filter>
    </ClInclude>
    <ClInclude Include="VertexBuffer.h">
      <Filter>GameEngine\GraphicsEngine\RenderSystem\VertexBuffer</Filter>
    </ClInclude>
    <ClInclude Include="VertexShader.h">
      <Filter>GameEngine\GraphicsEngine\RenderSystem\VertexShader</Filter>
    </ClInclude>
    <ClInclude Include="PixelShader.h">
      <Filter>GameEngine\GraphicsEngine\RenderSystem\PixelShader</Filter>
    </ClInclude>
    <ClInclude Include="ConstantBuffer.h">
      <Filter>GameEngine\GraphicsEngine\RenderSystem\ConstantBuffer</Filter>
    </ClInclude>
    <ClInclude Include="EngineTime.h">
      <Filter>GameEngine\Time</Filter>
    </ClInclude>
    <ClInclude Include="IndexBuffer.h">
      <Filter>GameEngine\GraphicsEngine\RenderSystem\IndexBuffer</Filter>
    </ClInclude>
    <ClInclude Include="InputSystem.h">
      <Filter>GameEngine\InputSystem</Filter>
    </ClInclude>
    <ClInclude Include="InputListener.h">
      <Filter>GameEngine\InputSystem</Filter>
    </ClInclude>
    <ClInclude Include="Point.h">
      <Filter>GameEngine\Math</Filter>
    </ClInclude>
    <ClInclude Include="RenderSystem.h">
      <Filter>GameEngine\GraphicsEngine\RenderSystem</Filter>
    </ClInclude>
    <ClInclude Include="Prerequisites.h">
      <Filter>GameEngine\GraphicsEngine</Filter>
    </ClInclude>
    <ClInclude Include="Component.h">
      <Filter>GameEngine\EntityComponentSystem</Filter>
    </ClInclude>
    <ClInclude Include="GameObject.h">
      <Filter>GameEngine\EntityComponentSystem</Filter>
    </ClInclude>
    <ClInclude Include="TransformComponent.h">
      <Filter>GameEngine\EntityComponentSystem</Filter>
    </ClInclude>
    <ClInclude Include="MeshComponent.h">
      <Filter>GameEngine\EntityComponentSystem</Filter>
    </ClInclude>
    <ClInclude Include="Vertex.h">
      <Filter>GameEngine\Math</Filter>
    </ClInclude>
    <ClInclude Include="RotationMovementComponent.h">
      <Filter>GameEngine\EntityComponentSystem</Filter>
    </ClInclude>
    <ClInclude Include="Mesh.h">
      <Filter>GameEngine\EntityComponentSystem</Filter>
    </ClInclude>
    <ClInclude Include="Cube.h">
      <Filter>GameEngine\EntityComponentSystem</Filter>
    </ClInclude>
    <ClInclude Include="Plane.h">
      <Filter>GameEngine\EntityComponentSystem</Filter>
    </ClInclude>
    <ClInclude Include="EngineMath.h">
      <Filter>GameEngine\Math</Filter>
    </ClInclude>
    <ClInclude Include="EngineMathConstants.h">
      <Filter>GameEngine\Math</Filter>
    </ClInclude>
    <ClInclude Include="EngineMathOperations.h">
      <Filter>GameEngine\Math</Filter>
    </ClInclude>
    <ClInclude Include="Camera.h">
      <Filter>GameEngine\Camera</Filter>
    </ClInclude>
    <ClInclude Include="CameraManager.h">
      <Filter>GameEngine\Camera</Filter>
    </ClInclude>
    <ClInclude Include="CameraProjection.h">
      <Filter>GameEngine\Camera</Filter>
    </ClInclude>
    <ClInclude Include="CameraComponent.h">
      <Filter>GameEngine\EntityComponentSystem</Filter>
    </ClInclude>
    <ClInclude Include="SceneCamera.h">
      <Filter>GameEngine\Editor</Filter>
    </ClInclude>
    <ClInclude Include="SimpleMath.h" />
    <ClInclude Include="pch.h" />
    <ClInclude Include="ImGui\imconfig.h">
      <Filter>GameEngine\ImGui</Filter>
    </ClInclude>
    <ClInclude Include="ImGui\imgui.h">
      <Filter>GameEngine\ImGui</Filter>
    </ClInclude>
    <ClInclude Include="ImGui\imgui_impl_dx11.h">
      <Filter>GameEngine\ImGui</Filter>
    </ClInclude>
    <ClInclude Include="ImGui\imgui_impl_win32.h">
      <Filter>GameEngine\ImGui</Filter>
    </ClInclude>
    <ClInclude Include="ImGui\imgui_internal.h">
      <Filter>GameEngine\ImGui</Filter>
    </ClInclude>
    <ClInclude Include="ImGui\imstb_rectpack.h">
      <Filter>GameEngine\ImGui</Filter>
    </ClInclude>
    <ClInclude Include="ImGui\imstb_textedit.h">
      <Filter>GameEngine\ImGui</Filter>
    </ClInclude>
    <ClInclude Include="ImGui\imstb_truetype.h">
      <Filter>GameEngine\ImGui</Filter>
    </ClInclude>
    <ClInclude Include="IMObjectProperty.h">
      <Filter>GameEngine\ImGuiWindow</Filter>
    </ClInclude>
  </ItemGroup>
  <ItemGroup>
    <FxCompile Include="VertexShader.hlsl">
      <Filter>App</Filter>
    </FxCompile>
    <FxCompile Include="PixelShader.hlsl">
      <Filter>App</Filter>
    </FxCompile>
  </ItemGroup>
  <ItemGroup>
    <None Include="SimpleMath.inl" />
  </ItemGroup>
</Project>